
Microsoft Visual Studio Solution File, Format Version 12.00
# Visual Studio Version 16
VisualStudioVersion = 16.0.29509.3
MinimumVisualStudioVersion = 10.0.40219.1
Project("{FAE04EC0-301F-11D3-BF4B-00C04F79EFBC}") = "VNForQaApi", "VNForQaApi.csproj", "{BDF63DD7-330C-4167-9EA5-A275A99C23FB}"
EndProject
Global
	GlobalSection(SolutionConfigurationPlatforms) = preSolution
		Debug|Any CPU = Debug|Any CPU
		Release|Any CPU = Release|Any CPU
	EndGlobalSection
	GlobalSection(ProjectConfigurationPlatforms) = postSolution
		{BDF63DD7-330C-4167-9EA5-A275A99C23FB}.Debug|Any CPU.ActiveCfg = Debug|Any CPU
		{BDF63DD7-330C-4167-9EA5-A275A99C23FB}.Debug|Any CPU.Build.0 = Debug|Any CPU
		{BDF63DD7-330C-4167-9EA5-A275A99C23FB}.Release|Any CPU.ActiveCfg = Release|Any CPU
		{BDF63DD7-330C-4167-9EA5-A275A99C23FB}.Release|Any CPU.Build.0 = Release|Any CPU
	EndGlobalSection
	GlobalSection(SolutionProperties) = preSolution
		HideSolutionNode = FALSE
	EndGlobalSection
	GlobalSection(ExtensibilityGlobals) = postSolution
		SolutionGuid = {5373E6E6-38D3-448F-992B-3677D05CFAA9}
	EndGlobalSection
EndGlobal
